Microsoft Visual Studio Solution File, Format Version 11.00
# Visual Studio 2008

Project("{8B7AFACC-1CDF-7ECB-46F9-93E25163E6A8}") = "ProjectDressApp", "Assembly-CSharp.csproj", "{B44AF319-2496-1B3D-C8CD-F055B02DC699}"
EndProject
Global
	GlobalSection(SolutionConfigurationPlatforms) = preSolution
		Debug|Any CPU = Debug|Any CPU
		Release|Any CPU = Release|Any CPU
	EndGlobalSection
	GlobalSection(ProjectConfigurationPlatforms) = postSolution
		{B44AF319-2496-1B3D-C8CD-F055B02DC699}.Debug|Any CPU.ActiveCfg = Debug|Any CPU
		{B44AF319-2496-1B3D-C8CD-F055B02DC699}.Debug|Any CPU.Build.0 = Debug|Any CPU
		{B44AF319-2496-1B3D-C8CD-F055B02DC699}.Release|Any CPU.ActiveCfg = Release|Any CPU
		{B44AF319-2496-1B3D-C8CD-F055B02DC699}.Release|Any CPU.Build.0 = Release|Any CPU
	EndGlobalSection
	GlobalSection(SolutionProperties) = preSolution
		HideSolutionNode = FALSE
	EndGlobalSection
	GlobalSection(MonoDevelopProperties) = preSolution
		StartupItem = Assembly-CSharp.csproj
	EndGlobalSection
EndGlobal
